# This file was autogenerated by uv via the following command:
#    uv pip compile --generate-hashes --no-emit-index-url --output-file security-tool-requirements/halmos-deps.lock security-tool-requirements/halmos-deps.in
certifi==2026.7.22 \
    --hash=sha256:62f22742b58a1a33014a2b6b706588a8d7e2a88ae7bd1a6ebe8c992928483775 \
    --hash=sha256:741e2c3b351ddf169a738da9f2c048608ff7f2c5cc02f1ebc6b118bb090d5d55
    # via requests
charset-normalizer==3.4.9 \
    --hash=sha256:0327fcd59a935777d83410750c50600ee9571af2846f71ce40f25b13da1ef380 \
    --hash=sha256:03d07803992c6c7bbc976327f34b18b6160327fc81cb82c9d504720ac0be3b62 \
    --hash=sha256:04ce310cb89c15df659582aee80a0603788732a5e017d5bd5c81158106ce249c \
    --hash=sha256:0d861473f743244d349b50f850d10eb87aeb22bbdcc8e64f79273c94af5a8226 \
    --hash=sha256:0e94703ec9684807f20cfb5eed95c70f67f2a8f21ad620146d7b5a13677b93e5 \
    --hash=sha256:0fa1aec2d32bcc03c8fa0f6f1712caad1adc38509f31142112e5c9daf5b9c833 \
    --hash=sha256:16b65ea0f2465b6fb52aa22de5eca612aa964ddfec00a912e26f4656cbef890b \
    --hash=sha256:16d10d789dd9bcca1173c95af82c58433122564b7bc39385124be735a35cbe99 \
    --hash=sha256:19ac87f93086ce37b86e098888555c4b4bc48102279bae3350098c0ed664b501 \
    --hash=sha256:1d22856ffbe153a602df38e4a5464f0b748a54002e0d69ac6d2ad0a197cc99ec \
    --hash=sha256:21e764fd1e70b6a3e205a0e46f3051701f98a8cb3fad66eeb80e48bb502f8698 \
    --hash=sha256:231ddcbb35e2ff8973e1365db41fe0572662893b99a05deb183b68ad4c0c8bd4 \
    --hash=sha256:253a4a220747e8b5faf57ec320c4f5efb0cef05f647420bf267143ec15dba10a \
    --hash=sha256:280081916dc341820640489a66e4696049401ef1cf6dd672f672e70ad915aca3 \
    --hash=sha256:2a441ea71902098ffe78c5abe6c494f44160b4af614ed16c3d9a3b1d17fd8ee2 \
    --hash=sha256:304b13570067b2547562e308af560b3963857b1fa90bd6afd978130130fe2d6a \
    --hash=sha256:32286a2c8d167e897177b673176c1e3e00d4057caf5d2b64eef9a3666b03018e \
    --hash=sha256:33bdcc2a32c0a0e861f60841a512c8acc658c87c2ac59d89e3a46dacf7d866e4 \
    --hash=sha256:375b83ed0aecfce76c16d198fbc21f3b11b337d68662bea0a995046682a11419 \
    --hash=sha256:3c09a49d6cde137258beb3d551994a2927fd35ad5cf96aed573f61bbd67c5f84 \
    --hash=sha256:3d92613ec25e43b05f042302531ec0f00b8445190e43325880cbd6ab7c2581da \
    --hash=sha256:40a126142a56b2dfc0aacbad1de8310cbf60da7656db0e6b16eebd48e3e93519 \
    --hash=sha256:416c229f77e5ea25b3dfd4b582f8d73d7e43c22320302b9ab128a2d3a0b38efe \
    --hash=sha256:432786d3561e69aeeae6c7e8648964ce0ad05736120135601f87ac26b9c83381 \
    --hash=sha256:43b9e366a31fdd1c87d0eb08f579b4a82b723ea54338f040d6b4e518a026ea29 \
    --hash=sha256:440eede837960000d74978f0eba527be106b5b9aee0daf779d395276ed0b0614 \
    --hash=sha256:45b0cc4e3556cd875e09102988d1ab8356c998b596c9fced84547c8138b487a0 \
    --hash=sha256:476743fe6dfe14a2da12e3ac79125dc84a3b2cf8094369a47a1529b0cd8549fe \
    --hash=sha256:4773092f8019072343a7447203308b176e10199920eb02d6195e81bbb3274c29 \
    --hash=sha256:4b3dac63058cc36820b0dd072f89898604e2d39686fe05321729d00d8ac185a0 \
    --hash=sha256:4d1c96a7a18b9690a4d46df09e3e3382406ae3213727cd1019ebade1c4a81917 \
    --hash=sha256:51307f5c71007673a2bf8232ad973483d281e74cb99c8c5a990af1eefa6277d9 \
    --hash=sha256:51447e9aa2684679af07ca5021c3db526e0284347ebf4ffcec1154c3350cfe32 \
    --hash=sha256:58150c9f9b9a552505912d182ccdf26f6396fb6094816ceebcbb20eecabaed94 \
    --hash=sha256:5b10cd92fc5c498b35a8635df6d5a100207f88b63a4dc1de7ef9a548e1e2cd63 \
    --hash=sha256:5e226f6218febc71f6c1fc2fafb91c226f75bdc1d8fb12d66823716e891608fd \
    --hash=sha256:609b3ba8fcc0fb5ab7af00719d0fb6ad0cb518e48e7712d12fd68f1327951198 \
    --hash=sha256:60f44ade2cf573dad7a277e6f8ca9a51a21dda572b13bd7d8539bb3cd5dbedde \
    --hash=sha256:611057cc5d5c0afc743ba8be6bd828c17e0aaa8643f9d0a9b9bb7dea80eb8012 \
    --hash=sha256:6366a16e1a25018694d6a5d784d09b046edc9eac40ea2b54065c3052672516a1 \
    --hash=sha256:65a7ff3f705e57d392f7261b6d0550fe137c3019477431f1c355e0db0a7d3e15 \
    --hash=sha256:673611bbd43f0810bec0b0f028ddeaaa501190339cac411f347ac76917c3ae7b \
    --hash=sha256:67830fc78e67501f47bb950471b2dcb9b35b140084429318e862895a8e89c993 \
    --hash=sha256:68ce9f4d6b26d5ccbf7fd4459bf75f74a0a146677ebba80597df60cbdb20e6f4 \
    --hash=sha256:68e5f26a1ad57ded6d1cfb85331d1c1a195314756471d97758c48498bb4dcdf5 \
    --hash=sha256:69b157c5d3292bcd443faca052f3096f637f1e074b98212a933c074ae23dc3b8 \
    --hash=sha256:75286256590a6320cf106a0d28970d3560aad9ee09aa7b34fb40524792436d35 \
    --hash=sha256:78841cccf1af7b40f6f716338d50c0902dbe88d9f800b3c973b7a9a0a693a642 \
    --hash=sha256:78fa18e436a1a0e58dbd7e02fc4473f3f32cceb12df9dfca542d075961c307d2 \
    --hash=sha256:79580094b00d1789d1f93ea55bc43cb2f611910c72235b7657f3482ddcc1b22d \
    --hash=sha256:7b86a2b16095d250c6f58b3d9b2eee6f4147754344f3dab0922f7c9bf7d226c9 \
    --hash=sha256:83aed2c10721ddd90f68140685391b50811a880af20654c59af6b6c66c40513c \
    --hash=sha256:84fd18bcc17526fc2b3c1af7d2b9217d32c9c04448c16ec693b9b4f1985c3d33 \
    --hash=sha256:871ff67ea1aad4dfd91736464934d56b32dac49f9fbe16cddba36198a7b3a0db \
    --hash=sha256:898f0e9068ca27d37f8e83a5b962821df851532e6c4a7d615c1c033f9da6eedf \
    --hash=sha256:8a79d9f4d8001473a30c163556b3c3bfebec837495a412dde78b51672f6134f9 \
    --hash=sha256:8c041122946b7ba21bb32c45b1aa57b1be35527690aeb3c5c234521085632eee \
    --hash=sha256:90c44bc373b7687f6948b693cceaea1348ae0975d7474746559494468e3c1d84 \
    --hash=sha256:9104ed0bd76a429d46f9ec0dbc9b08ad1d2dcdf2b00a5a0daa1c145329b35b44 \
    --hash=sha256:920079c3f7456fa213e0829ed2073aaa727fd39d889ead5b4f35d0de5460d04f \
    --hash=sha256:93d59d504b230e83c7a843251681959a0b6a9cd76f6e146ce1b8a80eb8739af9 \
    --hash=sha256:9b2aff1c7b3884512b9512c3eaadd9bab39fb45042ffaaa1dd08ff2b9f8109d9 \
    --hash=sha256:9b8e0f3107e2200b76f6054de99016eac3ee6762713587b36baaa7e4bd2ae177 \
    --hash=sha256:9bb41182d93ea91f60b4bc8fbf4c820c69ef8a12ab2d917f3f1834f1acad07e8 \
    --hash=sha256:9cdef90ae47919cae358d8ab15797a800ed41da7aba5d72419fb510729e2ed4b \
    --hash=sha256:a1786910334ed46ab1dd73222f2cd1e05c2c3bb39f6dddb4f8b36fc382058a39 \
    --hash=sha256:a4cfde78a9f2880208d16a93b795726a3017d5977e08d1e162a7a31322479c41 \
    --hash=sha256:a4fbdde9dd4a9ce5fd52c2b3a347bb50cc89483ef783f1cb00d408c13f7a96c0 \
    --hash=sha256:aa99adc8f081b475a12843953db36831eaf83ec33eb46a90629ca6a5de45a616 \
    --hash=sha256:ac351b3b8014eead140e77e9717e2992c6bbe30b63bc3422422eb84865412e3d \
    --hash=sha256:ad41ba96094304aa090f5a30cb6e4fb3b3f1c264c523394b4c39bbacc4dc92ba \
    --hash=sha256:b5314963fce9b0b12743891de876e724997864ee22aa496f903f426c7e2fa5b2 \
    --hash=sha256:bcf74c1df76758a395bf0af608c04c82257523f55c9868b334f06270d0f2112b \
    --hash=sha256:bd47ba7fc3ca94896759ea0109775132d3e7ab921fbf54038e1bab2e46c313c9 \
    --hash=sha256:c0323c9daef75ef2e5083624b4585018a0c9d5e3b40f607eed81a311270b934b \
    --hash=sha256:c1225416b463483160e4af85d5fc3a9690ccb53fd4b1865a6437825f5ede3209 \
    --hash=sha256:c1c948747b03be832dceed96ca815cef7360de9aa19d37c730f8e3f6101aca48 \
    --hash=sha256:c25fe15c70c59eb7c5ce8c06a1f3fa1da0ecc5ea1e7a5922c40fd2fa9b0d5046 \
    --hash=sha256:cc1b0fff8ead343dae06305f954eb8468ba0ec1a97881f42489d198e4ce3c632 \
    --hash=sha256:cd6280cf040f233bd7d3407b743b4b4c74f70e8e1c4199cb112a62c941c0772a \
    --hash=sha256:cd6c3d4b783c556fa00bf540854e42f135e2f256abd29669fcd0da0f2dec79c2 \
    --hash=sha256:d4d6fcde76f94f5cb9e43e9e9a61f16dacefd228cbbf6f1a09bd9b219a92f1a1 \
    --hash=sha256:ddf4af30b417d9fe16481e9b81c27ab2a7cde1ff7ba3e85653b02db7d145dc7b \
    --hash=sha256:df115d4d83168fdf2cae48ef1ff6d1cb4c466364e30861b37121de0f3bf1b990 \
    --hash=sha256:df7276909358e5635ae203673ab7e509ddd224225a8d6b0790bf13eb2bde1cc5 \
    --hash=sha256:e4fd89cc178bced6ad29cb3e6dd4aa63fa5017c3524dbd0b25998fb64a87cc8b \
    --hash=sha256:e9701d0049d92c16703a42771b98d560b95248949f23f8cf7b4eddd201814fb9 \
    --hash=sha256:ee2f2a527e3c1a6e6411eb4209642e138b544a2d72fe5d0d76daf77b24063534 \
    --hash=sha256:f7fb7d750cfa0a070d2c24e831fd3481019a60dd317ea2b39acbcebc08b6ed81 \
    --hash=sha256:f840ed6d8ecba8255df8c42b87fadeda98ddfc6eeec05e2dc66e26d46dd6f58a \
    --hash=sha256:f86c6358749bd4fda175388691e3ba8c46e24c5347d0afd20f9b7edfc9faf07d \
    --hash=sha256:fa36ec09ef71d158186bc79e359ff5fdd6e7996fe8ab638f00d6b93139ba4fcf \
    --hash=sha256:fe2c7201c642b7c308f1675355ad7ff7b66acfe3541625efe5a3ad38f29d6115
    # via requests
eth-hash==0.8.0 \
    --hash=sha256:523718a51b369ab89866b929a5c93c52978cd866ea309192ad980dd8271f9fac \
    --hash=sha256:b009752b620da2e9c7668014849d1f5fadbe4f138603f1871cc5d4ca706896b1
    # via -r security-tool-requirements/halmos-deps.in
idna==3.18 \
    --hash=sha256:7f952cbe720b688055e3f87de14f5c3e5fdaa8bc3928985c4077ca689de849a2 \
    --hash=sha256:ffb385a7e039654cef1ab9ef32c6fafe283c0c0467bba1d9029738ce4a14a848
    # via requests
markdown-it-py==4.2.0 \
    --hash=sha256:04a21681d6fbb623de53f6f364d352309d4094dd4194040a10fd51833e418d49 \
    --hash=sha256:9f7ebbcd14fe59494226453aed97c1070d83f8d24b6fc3a3bcf9a38092641c4a
    # via rich
mdurl==0.1.2 \
    --hash=sha256:84008a41e51615a49fc9966191ff91509e3c40b939176e643fd50a5c2196b8f8 \
    --hash=sha256:bb413d29f5eea38f31dd4754dd7377d4465116fb207585f97bf925588687c1ba
    # via markdown-it-py
psutil==7.2.2 \
    --hash=sha256:0746f5f8d406af344fd547f1c8daa5f5c33dbc293bb8d6a16d80b4bb88f59372 \
    --hash=sha256:076a2d2f923fd4821644f5ba89f059523da90dc9014e85f8e45a5774ca5bc6f9 \
    --hash=sha256:11fe5a4f613759764e79c65cf11ebdf26e33d6dd34336f8a337aa2996d71c841 \
    --hash=sha256:1a571f2330c966c62aeda00dd24620425d4b0cc86881c89861fbc04549e5dc63 \
    --hash=sha256:1a7b04c10f32cc88ab39cbf606e117fd74721c831c98a27dc04578deb0c16979 \
    --hash=sha256:1fa4ecf83bcdf6e6c8f4449aff98eefb5d0604bf88cb883d7da3d8d2d909546a \
    --hash=sha256:2edccc433cbfa046b980b0df0171cd25bcaeb3a68fe9022db0979e7aa74a826b \
    --hash=sha256:7b6d09433a10592ce39b13d7be5a54fbac1d1228ed29abc880fb23df7cb694c9 \
    --hash=sha256:8c233660f575a5a89e6d4cb65d9f938126312bca76d8fe087b947b3a1aaac9ee \
    --hash=sha256:917e891983ca3c1887b4ef36447b1e0873e70c933afc831c6b6da078ba474312 \
    --hash=sha256:ab486563df44c17f5173621c7b198955bd6b613fb87c71c161f827d3fb149a9b \
    --hash=sha256:ae0aefdd8796a7737eccea863f80f81e468a1e4cf14d926bd9b6f5f2d5f90ca9 \
    --hash=sha256:b0726cecd84f9474419d67252add4ac0cd9811b04d61123054b9fb6f57df6e9e \
    --hash=sha256:b58fabe35e80b264a4e3bb23e6b96f9e45a3df7fb7eed419ac0e5947c61e47cc \
    --hash=sha256:c7663d4e37f13e884d13994247449e9f8f574bc4655d509c3b95e9ec9e2b9dc1 \
    --hash=sha256:e452c464a02e7dc7822a05d25db4cde564444a67e58539a00f929c51eddda0cf \
    --hash=sha256:e78c8603dcd9a04c7364f1a3e670cea95d51ee865e4efb3556a3a63adef958ea \
    --hash=sha256:eb7e81434c8d223ec4a219b5fc1c47d0417b12be7ea866e24fb5ad6e84b3d988 \
    --hash=sha256:ed0cace939114f62738d808fdcecd4c869222507e266e574799e9c0faa17d486 \
    --hash=sha256:eed63d3b4d62449571547b60578c5b2c4bcccc5387148db46e0c2313dad0ee00 \
    --hash=sha256:fd04ef36b4a6d599bbdb225dd1d3f51e00105f6d48a28f006da7f9822f2606d8
    # via -r security-tool-requirements/halmos-deps.in
pycryptodome==3.23.0 \
    --hash=sha256:0011f7f00cdb74879142011f95133274741778abba114ceca229adbf8e62c3e4 \
    --hash=sha256:11eeeb6917903876f134b56ba11abe95c0b0fd5e3330def218083c7d98bbcb3c \
    --hash=sha256:14e15c081e912c4b0d75632acd8382dfce45b258667aa3c67caf7a4d4c13f630 \
    --hash=sha256:156df9667ad9f2ad26255926524e1c136d6664b741547deb0a86a9acf5ea631f \
    --hash=sha256:187058ab80b3281b1de11c2e6842a357a1f71b42cb1e15bce373f3d238135c27 \
    --hash=sha256:257bb3572c63ad8ba40b89f6fc9d63a2a628e9f9708d31ee26560925ebe0210a \
    --hash=sha256:350ebc1eba1da729b35ab7627a833a1a355ee4e852d8ba0447fafe7b14504d56 \
    --hash=sha256:447700a657182d60338bab09fdb27518f8856aecd80ae4c6bdddb67ff5da44ef \
    --hash=sha256:45c69ad715ca1a94f778215a11e66b7ff989d792a4d63b68dc586a1da1392ff5 \
    --hash=sha256:4764e64b269fc83b00f682c47443c2e6e85b18273712b98aa43bcb77f8570477 \
    --hash=sha256:507dbead45474b62b2bbe318eb1c4c8ee641077532067fec9c1aa82c31f84886 \
    --hash=sha256:53ecbafc2b55353edcebd64bf5da94a2a2cdf5090a6915bcca6eca6cc452585a \
    --hash=sha256:573a0b3017e06f2cffd27d92ef22e46aa3be87a2d317a5abf7cc0e84e321bd75 \
    --hash=sha256:63dad881b99ca653302b2c7191998dd677226222a3f2ea79999aa51ce695f720 \
    --hash=sha256:64093fc334c1eccfd3933c134c4457c34eaca235eeae49d69449dc4728079339 \
    --hash=sha256:6501790c5b62a29fcb227bd6b62012181d886a767ce9ed03b303d1f22eb5c625 \
    --hash=sha256:67bd81fcbe34f43ad9422ee8fd4843c8e7198dd88dd3d40e6de42ee65fbe1490 \
    --hash=sha256:6fe8258e2039eceb74dfec66b3672552b6b7d2c235b2dfecc05d16b8921649a8 \
    --hash=sha256:763d1d74f56f031788e5d307029caef067febf890cd1f8bf61183ae142f1a77b \
    --hash=sha256:7ac1080a8da569bde76c0a104589c4f414b8ba296c0b3738cf39a466a9fb1818 \
    --hash=sha256:865d83c906b0fc6a59b510deceee656b6bc1c4fa0d82176e2b77e97a420a996a \
    --hash=sha256:89d4d56153efc4d81defe8b65fd0821ef8b2d5ddf8ed19df31ba2f00872b8002 \
    --hash=sha256:90460fc9e088ce095f9ee8356722d4f10f86e5be06e2354230a9880b9c549aae \
    --hash=sha256:93837e379a3e5fd2bb00302a47aee9fdf7940d83595be3915752c74033d17ca7 \
    --hash=sha256:954af0e2bd7cea83ce72243b14e4fb518b18f0c1649b576d114973e2073b273d \
    --hash=sha256:9a53a4fe5cb075075d515797d6ce2f56772ea7e6a1e5e4b96cf78a14bac3d265 \
    --hash=sha256:9a77627a330ab23ca43b48b130e202582e91cc69619947840ea4d2d1be21eb39 \
    --hash=sha256:a176b79c49af27d7f6c12e4b178b0824626f40a7b9fed08f712291b6d54bf566 \
    --hash=sha256:a7fc76bf273353dc7e5207d172b83f569540fc9a28d63171061c42e361d22353 \
    --hash=sha256:aa0698f65e5b570426fc31b8162ed4603b0c2841cbb9088e2b01641e3065915b \
    --hash=sha256:b34e8e11d97889df57166eda1e1ddd7676da5fcd4d71a0062a760e75060514b4 \
    --hash=sha256:c75b52aacc6c0c260f204cbdd834f76edc9fb0d8e0da9fbf8352ef58202564e2 \
    --hash=sha256:c8987bd3307a39bc03df5c8e0e3d8be0c4c3518b7f044b0f4c15d1aa78f52575 \
    --hash=sha256:ce64e84a962b63a47a592690bdc16a7eaf709d2c2697ababf24a0def566899a6 \
    --hash=sha256:cfb5cd445280c5b0a4e6187a7ce8de5a07b5f3f897f235caa11f1f435f182843 \
    --hash=sha256:d8e95564beb8782abfd9e431c974e14563a794a4944c29d6d3b7b5ea042110b4 \
    --hash=sha256:d97618c9c6684a97ef7637ba43bdf6663a2e2e77efe0f863cce97a76af396446 \
    --hash=sha256:ddb95b49df036ddd264a0ad246d1be5b672000f12d6961ea2c267083a5e19379 \
    --hash=sha256:dea827b4d55ee390dc89b2afe5927d4308a8b538ae91d9c6f7a5090f397af1aa \
    --hash=sha256:e3f2d0aaf8080bda0587d58fc9fe4766e012441e2eed4269a77de6aea981c8be \
    --hash=sha256:eb8f24adb74984aa0e5d07a2368ad95276cf38051fe2dc6605cbcf482e04f2a7
    # via eth-hash
pygments==2.20.0 \
    --hash=sha256:6757cd03768053ff99f3039c1a36d6c0aa0b263438fcab17520b30a303a82b5f \
    --hash=sha256:81a9e26dd42fd28a23a2d169d86d7ac03b46e2f8b59ed4698fb4785f946d0176
    # via rich
python-dotenv==1.2.2 \
    --hash=sha256:1d8214789a24de455a8b8bd8ae6fe3c6b69a5e3d64aa8a8e5d68e694bbcb285a \
    --hash=sha256:2c371a91fbd7ba082c2c1dc1f8bf89ca22564a087c2c287cd9b662adde799cf3
    # via -r security-tool-requirements/halmos-deps.in
requests==2.34.2 \
    --hash=sha256:2a0d60c172f83ac6ab31e4554906c0f3b3588d37b5cb939b1c061f4907e278e0 \
    --hash=sha256:f288924cae4e29463698d6d60bc6a4da69c89185ad1e0bcc4104f584e960b9ed
    # via -r security-tool-requirements/halmos-deps.in
rich==14.0.0 \
    --hash=sha256:1c9491e1951aac09caffd42f448ee3d04e58923ffe14993f6e83068dc395d7e0 \
    --hash=sha256:82f1bc23a6a21ebca4ae0c45af9bdbc492ed20231dcb63f297d6d1021a9d5725
    # via -r security-tool-requirements/halmos-deps.in
sortedcontainers==2.4.0 \
    --hash=sha256:25caa5a06cc30b6b83d11423433f65d1f9d76c4c6a0c90e3379eaa43b9bfdb88 \
    --hash=sha256:a163dcaede0f1c021485e957a39245190e74249897e2ae4b2aa38595db237ee0
    # via -r security-tool-requirements/halmos-deps.in
toml==0.10.2 \
    --hash=sha256:806143ae5bfb6a3c6e736a764057db0e6a0e05e338b5630894a5f779cabb4f9b \
    --hash=sha256:b3bda1d108d5dd99f4a20d24d9c348e91c4db7ab1b749200bded2f839ccbe68f
    # via -r security-tool-requirements/halmos-deps.in
urllib3==2.7.0 \
    --hash=sha256:231e0ec3b63ceb14667c67be60f2f2c40a518cb38b03af60abc813da26505f4c \
    --hash=sha256:9fb4c81ebbb1ce9531cce37674bbc6f1360472bc18ca9a553ede278ef7276897
    # via requests
xxhash==3.8.1 \
    --hash=sha256:000435984a0469b0f822fe76f35bddea0f96a4d6521b3339a60a6428cdee1edc \
    --hash=sha256:00de40f3b42240db23a82a5c682b55d7263d84a26a953240c1aee463409660e3 \
    --hash=sha256:01cab782f8a0a05ecad2c63d7ef10f7ab475f660e0d6419d069418c14d88de7c \
    --hash=sha256:0204701e6d01f64254e0e5ff4255812b1febe027ddd7dda63372e27f98b5e91f \
    --hash=sha256:027dee4355f3fcc41481650d846cf6cfc895c85a1ab7acd063063821a0df5b4c \
    --hash=sha256:036a024d8b9c01f70782e09ed98d532e76fd23f950ae7154bd950fe94e90ebec \
    --hash=sha256:0418ec8b2331b9d4d575fc9284427e8e69449d7172e99e1a86fcdd1f51a0a937 \
    --hash=sha256:08ea2081f5e88615fec8622a9f87fbe21b8ea58d88cfc02163ca11026ee62a92 \
    --hash=sha256:095e1323fa108be1292c54c86da3ef3c7a7dc015b105a52133973bc07a6ad11a \
    --hash=sha256:09a204dd4bb0823daf938cdd0dc8057d5f1e14fe3cbde929424255f23f9de872 \
    --hash=sha256:0dfdf19b0d5433a75d61f19dc85737af0f0b95e445c1ad69c855115d05efed45 \
    --hash=sha256:0fe37f72a207223d22a4eddc3149d4298993385aa9daef25c039246ca5a309f3 \
    --hash=sha256:10e4393ec33633c2f05ad01869e546ad080b1a18f2650503731f153774608b31 \
    --hash=sha256:1153265daa10750a9bf8e9b01753d7618024a300925591efaf16b1b7fa536699 \
    --hash=sha256:115772daeb71b2f3b9381177017f53e6cf3f3439c840737fdabd21aba6e54920 \
    --hash=sha256:12a3cf79dadbab9631230ebc4c51c7c60f1e9cdfb890c15fb733eaafe2e7713c \
    --hash=sha256:12eaeaa9ab8b9e6033a1fa5f6b338aaf55ff4df4bee11b59fd6ee03b19186ee4 \
    --hash=sha256:131324f719957b988861714de7d6ddf57b47abec3b0cc691302ffeaba0e05e10 \
    --hash=sha256:15790b686f8723b845fec6f612a343beb815a25c83117a7fa408d7c8ee5aa8fd \
    --hash=sha256:1731407102b9332cd3c9dadee07db498bc3d437b95d752b5b1a5f7eb730a3738 \
    --hash=sha256:1b86ae798a976ccbc1d02af6ccb98f5b4d24756b1f65e995f11d10fe071f486f \
    --hash=sha256:1c332dd48b8cb050da2bb2a3c96d72b1664168650a250ef9718e423df7989e05 \
    --hash=sha256:1da930bbcac3e8fbe2191850e2abb57977a99348c12c4b385e1058ac1b0a9ecc \
    --hash=sha256:1f44275ddb0978b67a58a951501903f04d49335a91f7681c9ce122ecb8ccb329 \
    --hash=sha256:1ffcc98d8878e449e86dec008cea6f44cfd3a954d2ef24ae7d1cc9f725beec7d \
    --hash=sha256:220d68130f83f7cc86d6edfdeab176adc73d7200bf3a8ec10c629e8cf605c215 \
    --hash=sha256:2256e80e4960ee282f63428adb349cb7f8bd8efe4db770d88eb815f4b9860724 \
    --hash=sha256:23e710118a5778a45db740b431943a3f2a82a571a052c2768cce6544d9c8c62e \
    --hash=sha256:264710bd335016f303763ce1275c6486df30bb57c2245c91b224c983d7ac39b8 \
    --hash=sha256:2666f059a1588a99267e33605365ed89cea92f424b3522806a9f4bd8ad2e3d62 \
    --hash=sha256:27a9e475157f7315826118e3f3127909a0fe25f1b43d3d3be9c584f9d265f937 \
    --hash=sha256:27cfc2f1ed76f956f36dfe0c56e5f5a3e94cd91eb78b893f63e2ef2ae404fcdf \
    --hash=sha256:2bc7113e6f2b6b3922dd61796ca9f36af09da3773898e7003038dc992fc83b8d \
    --hash=sha256:2e32855b6f9e5b18f449e59d45e3d5778bdeb660632ef2693cca267a11246c75 \
    --hash=sha256:2f1c68394818e0595569c2ff3cbc1e6d5a36a434e796f5c526b987b80c8a8c62 \
    --hash=sha256:2f8c25a7061d952de589bd0ea0eaadee32378ff83dd6a677b267f9cd86f401f8 \
    --hash=sha256:314d05fbc55719ae2438eaaba77bf2508ca4f030b26fa4c9c8c380e81c48fa33 \
    --hash=sha256:32a94ad2763e0263d9102037d349002c3d3c401e42770542c3eeb4801f311661 \
    --hash=sha256:32ab1e5432690276e71192be7401b55f96db2d0eedea5d44eb1f164505669cc0 \
    --hash=sha256:345b07b78e2bf583d71682aa34ae5b5fab575f7a1cb31e10263ebbc6f89f8c42 \
    --hash=sha256:3557bec8fcb11738a8920eeb68974bc76b75262f6947998d3147954ce0a4b893 \
    --hash=sha256:358650d5bda9c635da699c53adf4e8134af492ecc79c960f917eebf088bb6799 \
    --hash=sha256:36fc69160465ae75c6ec4ac9f781bb2aa16ae7ff869e73c26fee85fbb11b9887 \
    --hash=sha256:37d5a56c36dcc0b9a87b814cd992598d33863ff683749de6c86081f278d5e629 \
    --hash=sha256:38c887aedb696ef8bca19983206d270848558cfae4a91afa6a2fb05dde58ffc5 \
    --hash=sha256:39c9d5b61508b0bb68f29e54546de0ed2a74943c6a18585535a7e37356f1dd12 \
    --hash=sha256:3a800912a2e5e975d4128969d645c4a2a80aa886ccd6c9b1c6f44529e327e8cf \
    --hash=sha256:3bc0fa90830df1e1277f33cc6e55de9990b83c0319fd8c7412866cfde38b025e \
    --hash=sha256:3c0d84c5f2e086b120bae4e7f551cbda804c1deb10d958478bed4f89ba286dfe \
    --hash=sha256:3c682fcd96eb4bf64be32a4d95f96107e1588005831bd8a741b324fdda01b913 \
    --hash=sha256:402db908ea70eaf9800d9182a66596fc86f36655df8f63fdecf7c11da741d86f \
    --hash=sha256:445e0f5a31f2f3546ae0895d4811e159518cdc9d824c11419898d40cfadb677e \
    --hash=sha256:4482380b462ca9e59994d072a877ecadd1cf51102daeeab2db696f96ab763723 \
    --hash=sha256:44c89d915a75c11d2547eaee9098fcd80398987c4bff2974a0497a925bf92c07 \
    --hash=sha256:454d78e786602278a2a4383d08048482052f4f0c61fa677ca590af08914d9bca \
    --hash=sha256:460261045936975193bfd20549a0de1cd52a33b405cbb972f0d80940c42266cd \
    --hash=sha256:46b39976d008e2a845758650f0ff7136bca004f40da0c8798bd37ac37860154f \
    --hash=sha256:498017fbf2d13a768b3110d084bde39f2bd8664c1de0b8084f8ccc84425b7c88 \
    --hash=sha256:49aa8692507835dcc1e8ad8021f20c74c2dc13d83b5112e87877faa2a0035b20 \
    --hash=sha256:4b512261801b1e5fde7b6ebf2fef7977339c620cbbca88a0040ad9ad134f4d02 \
    --hash=sha256:4bec8b2c909bcfae9a0dc702346007e02a8c9ba5bbde83ffb224aa194f4f9efc \
    --hash=sha256:4d365ee1892c1fa803536f8c6ce21d24b29c9718ec75eb856095c07830f8c478 \
    --hash=sha256:4d6e88ddb3c741fbf29e1e7faf429880f8cd1d7aff4303247435a549726b4fb1 \
    --hash=sha256:4df57c0b161ec1b3ed0526a67b0db0914b557e86ee8aae51887aec941b261542 \
    --hash=sha256:4e0e1b0fb0259c1b75d1251ac0bb4d7ab675d36f7a6bf4ba6aa630dae94f9ffa \
    --hash=sha256:4ef09bbc2519a93cd0f95f2ceb5f7b85919dffea643278e02362bf40e3c4bed1 \
    --hash=sha256:5013be3bea7612852c62a7437f3302c1cfb91ca7e703b194459db0b2b2e0d792 \
    --hash=sha256:5177aa44eddaa97c6ef0cc00c6d540edb64d51781d2f8fb941612ec61a92c9ed \
    --hash=sha256:51f71a6e2ad071e70c937e41fcb6c19f82c3f9f49831eba850ed4a106ffbb647 \
    --hash=sha256:538f5f865df6cd8c32dd63158a0e5b4f5dd08d732a7da8b7228a5a0776c8ce55 \
    --hash=sha256:53f3ed9118397074ff63a79b66b7fec1c84c782eecde35c5bc94e420a971c231 \
    --hash=sha256:559e3cabe522231909f9de98ef06929edbd53782046bd21aae0c72db6f2a0775 \
    --hash=sha256:57189a69c0891e4818853feaa521c972d22c880a001453addea015f48e3c3398 \
    --hash=sha256:57f80a898544db78ec6b0be6183bd1bc008933193d4199f5cde36b0e6bd5e062 \
    --hash=sha256:58346024d47e84f7d8b3e7f5d6faa1d58acbbe49a8771497872059f58c1d8ea5 \
    --hash=sha256:594131ce1aad18db3689781f806db1b065cdaa04f4df36b4c038d2013aefd0bf \
    --hash=sha256:5b96f0024e9840f449bd91b2d005c921a4b666055a0d1b6492463799f32aae22 \
    --hash=sha256:5c566b123dce7e4867ca518434cdfb9f84e5023771235b2e3107a26c9a41cbd8 \
    --hash=sha256:5d3dfb1f0ff146da7952867a9414f0c7a29762f8825a84879592612fd6139342 \
    --hash=sha256:5da703225374e3a4c8d4fd90e26fe7213a52004ec77f88b42b42e9e86d8c6d57 \
    --hash=sha256:5db43f249b4be9f99ef4b967863f37094fb40e67effafb78ba4f0356b6396104 \
    --hash=sha256:5eed32dad81d6ba8e62dc7b9ffa0500199385d7810a8dd9d4eafaceb8c6e20bb \
    --hash=sha256:602efcad4a42c184e81d43a2b7e6e4f524d619878f2b6ee2ba469011f47c8147 \
    --hash=sha256:614bca2c7cfa87ec95b703e691c3c5eb6c448b6dabbe9776ac53883152951729 \
    --hash=sha256:632a34590c090d1285ed5efa5a02be919f3f9a56a64bd25f693fe1e2d27a27fb \
    --hash=sha256:64af54dd1c3a45a27c04942f9a1a4683322bdd127f4745cca4e02549c1d2d2bb \
    --hash=sha256:6536d8677d2fff7e64cd0b98b976df9de7aee0e69590044c2af5f51b76b7a170 \
    --hash=sha256:656256c9f9303e47f07d5cb8ae4468285370adfafd7ba48aea33a458e7697626 \
    --hash=sha256:6696c8752aded28ff3b16f33ef28ce28fb5d209b80c206746f943199fcf5fd65 \
    --hash=sha256:6c7574528bc922f8757f34dd78ed60ab52b1c7973b630f5eae7ba33ec133ce71 \
    --hash=sha256:6cee733fe4ccb1737e0997135283c82341e5cfa9cf214b165f9087fb663aaf4f \
    --hash=sha256:6cf633fe83b1d4e6519d7259b33afe40fbba5d3f438730156971dd0cf7730610 \
    --hash=sha256:714503083a1f2065c9ad15340dd49ac8a8e948a505a705ffa1750cb951519113 \
    --hash=sha256:717b12fdc51819833704e85e6926d76981ffa3f780ef92e33ebb8b26d46bb230 \
    --hash=sha256:7258ee276e8772599bc19e14b36f6260306e21b637190cd7cb489a2449d48684 \
    --hash=sha256:72eb5ae575cc7ae2b23f6f8064a8b10f638c7149819ae9cc6d20ebd4d37a1629 \
    --hash=sha256:7345007c12780985de4fd740148776d1eee18c0d41407c6fa1e48c5450304fe5 \
    --hash=sha256:747476436f6891b9773374ce8d48edcc8b12cb5b61b67c6fb6289633747d088f \
    --hash=sha256:77f74e45a1e5574bbbf80181c8027b3a4c65c2248fffbd557bd596fff13102f9 \
    --hash=sha256:7801b7223db017b9c0c9ccf37e44524edb35a1544a1c032add22c061c6af0276 \
    --hash=sha256:78c794b643d214f1522e7a288bcf5a2de120d26cd170516749a4009dc92722c9 \
    --hash=sha256:7b5f97ecfede10d5b2870383620e2d25c8561e217c7bf9081073802b54248d2b \
    --hash=sha256:7dc4bdf008f77c88d544849c48c1a40faf25a5eff6cc466de2e8edc37c191fce \
    --hash=sha256:81f4ed9ca9644bc95cd976bfe10f7a4cafab8ffdc3aed52877d4600e445be7ef \
    --hash=sha256:82c0cedd280eab2e8291270e6c04894dbc096f8159a39dcf1807429f026ca3cc \
    --hash=sha256:8304be0982130954b7fd3aad18e2c6f8ee40254bc3d2e635991c16d77c91e2bd \
    --hash=sha256:83697b0ea1f10e7f5d8b26a4906fa851393c61546c63839643a2b7fe2d868061 \
    --hash=sha256:836f11d4474d3228e9909d97216faa4f7505df41cfaf3927eb29809de785a78d \
    --hash=sha256:83b9130b80b216d56fdf9e87131946b353c9627930c061955a101ea82b09fed9 \
    --hash=sha256:83d879362ddd0fedd3f2ab8ce7cce3da2049a6d51d16da8af73011c6edf4752f \
    --hash=sha256:848182a391fffdc25605443e832f5b443f25498edeccf9a64343fd84421ca04b \
    --hash=sha256:852bfe059720632e2f16a6a4745e41d20937b2bf2a42a401e2412046bb6971cc \
    --hash=sha256:868a8dcaff1a84ba78038e1cef14fc88ccf84d9b4d12ea604696e0693296aa56 \
    --hash=sha256:89b11a5cdd441aa463f6d34ca0241602bc09b001a76994b6059828494108c673 \
    --hash=sha256:89df64c10adfe340fb00330042537cdd6bf0d8d78bad73f29cfe5427eed7b084 \
    --hash=sha256:8ea8a141eeced4f6262ab6dd71c681ac546a558c30bb586abe087d814b5f85ea \
    --hash=sha256:8f454166c2ffed45636c8d501741e649851ba2f346c4eb73a64c07ac00428f20 \
    --hash=sha256:8f759eed402448c2bdbb492e4fba1f20668ffe29688605ea61f0f67f9e4e386d \
    --hash=sha256:9043877a917be88ccf230aa5667c1bd059bce80f4c2727e4defa1b29b7f48b08 \
    --hash=sha256:942bc86e9be6fdd6e1175048f5fe8f8fdaaf2309dd1323ef1e155a69cd346780 \
    --hash=sha256:947a585bcaa235702b7c59433b485489397f9a163b3f56058b9463a46fd9b74c \
    --hash=sha256:950ac754d16daea42038f38e7465eb84cda4d08d7343c1c915771b29470f065a \
    --hash=sha256:98d8ac1129b4dd39098cffed94d1284aceb61c3aa396757ccc736ac392e4cee5 \
    --hash=sha256:98ee81b4b7f3023c9cb04a78cc67610baffcb5812d92f2096cb5a5efc6f19437 \
    --hash=sha256:9b2ce44bf8f4a1d01f418b3110ff8dff32fd3f3e836c0e06333c3725f243fa6c \
    --hash=sha256:9d45eee3a95a8b61e5b568580caac91f1502ddb731aaf8f4aa448a98660b2fb4 \
    --hash=sha256:9db455cb649dcfe4504d6d68a6d83a7315a99a3ca59871dc3ff840671f99adba \
    --hash=sha256:9df56e6df96a60590935e22373041cccc91fd55858763dcffb55bf63b3a2b396 \
    --hash=sha256:9e80238259655bf69d7bcd08226a970d7f42605f3157786bfa76dd13472d7fa0 \
    --hash=sha256:9f23083e1bd9d901f844af7a126727c486e7eada9a1a6791c8f7e73f94fac656 \
    --hash=sha256:a2489d3a776fa380cb8e71f54c7fda268a9baf3de9b1395093fd280f95735907 \
    --hash=sha256:a5cd96f6dcdf4fa657b2d95668d71d58455248f98712ecffaa9c528edf40ccae \
    --hash=sha256:a5eed9d41995a83f3332b4e3396abb7f433cac584222bd7e305b606d8353861e \
    --hash=sha256:a6617f30641ba0d8baa1635fbefb1dffc5165ec36d26921bd5cee13497cd937a \
    --hash=sha256:a6e088bd7870775624256a0d84c2a6714afd223b2eeb56b0ca58398e52a32fda \
    --hash=sha256:a98b2f95cab589e0f5e92c48431afb4d56238b8bf6668edcc66166180e9b509b \
    --hash=sha256:ad52a0e4bcc0ba956a953a169d1feec2734a64981d689e4fc8f490f7bf91af60 \
    --hash=sha256:af0c9fedc4a2c24e8664953882fe8185f3790b8338c9c700f76f5ad660817711 \
    --hash=sha256:afe6380a0e9653a87aa1e6e88fb47718113e5563c7a1cb2bcc23c1d8e17e3961 \
    --hash=sha256:affb37f152e55b5e4494bb9d0107f7bb08515c6704fbed82d9f61214d74adc17 \
    --hash=sha256:b0093cf7eeb91b84776e8742113afa4bdf47533d36cf719179aaaf1f56f6f8bf \
    --hash=sha256:b0de4bf3aa66363552d52c6a89003c479911f12098cd48a53d44a0f7a25f7c46 \
    --hash=sha256:b30e01a0b97a4bc3f519a4d7a82da3dc53251fb0de5eeea8660dcd4ff094c0c2 \
    --hash=sha256:b3ba794c3d885803db6c3116686923f1ec13bc86e621e169a375282b63ea1cc6 \
    --hash=sha256:b3e1107fe5ca030f946dfa59fdbb66b5df121c8432f14b0bdd282d17b297f4eb \
    --hash=sha256:b5196cc2574cfec572a5f3fb7cfa5ade27305ae3d06516a082132441aff4c83a \
    --hash=sha256:b6fa3116e40e14e7782fb1a9f872f94b5997de21127c95545ce40196ac1351c5 \
    --hash=sha256:bb70573d2995d23932e2871120f78d798ebc3572e54c09e694a18ced95c5f8d9 \
    --hash=sha256:bbcdf9c92d21c65bc75426eecea724c8fa0d35a6e201fdf1630011d4cc3aa685 \
    --hash=sha256:bcab50a389cc04d87f90092af78a6adba2ab3deca63175a3344ca83514045315 \
    --hash=sha256:bf28f55e427e0483acb1f666bd0d869b6d5e5a716680c216ad7befe3d4cfba2e \
    --hash=sha256:bfcd82852c62a60e314670a9602de354c4460f8adad916e2e42a20860c7870bc \
    --hash=sha256:c240939e963653054fc7e4a17c382829cda4aa88a7daf0af841715dbded1b497 \
    --hash=sha256:c31a2649bcf1fe97cf11c79848d761df33ac46b3896942d31b640557b486ff6b \
    --hash=sha256:c4ed42965c2cd9081f011be22f69d0e65d3b6165fe7734072fd0c232840bbd4e \
    --hash=sha256:c73b6f652f0745425aa6378319c331293b5341756262e9408ed3d45f183375e6 \
    --hash=sha256:c85949d02c85adf6d786eb94858e124989a632a4e65739835b2fc5761827fac3 \
    --hash=sha256:c919f38cd3f0b5e8d30b81fd6cac688cf9221560340f0c35cbbb8b2bd77ad6ac \
    --hash=sha256:c959f88160b13b4e730b0d75b459b7929fc0d2225c284c9683ac95d6feeeac6a \
    --hash=sha256:cb3fe820c27593f170770d6c8d791936cf6275d9269405fbb7b30a55363c10c8 \
    --hash=sha256:cf399fac542a1c7a4734a435b93df2c55e858c7d31abf6c1bdf46f9ae67fbfd0 \
    --hash=sha256:d0b48cdf690a64cedf7258c3dc9506cc41fc86edd7739c40e3098952265dc068 \
    --hash=sha256:d247b34bf433c92b41689318fd25d246313cab2275a6a47e2efac178b80d6efe \
    --hash=sha256:d48acabb1e5cb0071009f80d71d7f01b6ba2c1d4b869b1352bb5df3f11bf7dfd \
    --hash=sha256:d5006c65ec507a333479e76e00e2c368781f16c24ededa764763956b32a0e93e \
    --hash=sha256:d58ce8b6cfa9c4d2f230557f69caf7c06369e318015d0b19485095bc2c5963ab \
    --hash=sha256:d59e71153fe9ff85648d00e18649b07e9b22c797291abb7e27274fa06df8b838 \
    --hash=sha256:d6a5c0bce213b23b0166fe0d35bcbbe23ce4b968f257cc7eb6fd57cb8e1e6297 \
    --hash=sha256:daa86e4b68221d38e669bb236ba112d0335353829fb627c82e5909e4bbe8694c \
    --hash=sha256:db77278a6eddadbf44ce5aae2fee5ebb4d061f026b1ce2130d058cd4d7a7b670 \
    --hash=sha256:dfe0580fbfd5e4af87d0cc52d2044f155d55ebd8c8a93568758a2ea7d8e15975 \
    --hash=sha256:e14800b9b10bb39d7a60ad4a310e403164d7b8988a27ae933d4e40618a44088e \
    --hash=sha256:e2a845687219ba3214126f14a8a5861f97c9e065a7d0b8252adb6df13eea86fb \
    --hash=sha256:e3b87cbd974512c0c5fc7b469c36b2cdc9ee6d76e4ec78bccb2c7184611c49b0 \
    --hash=sha256:e4a6443968c4e8dc69967e12776776a5952c119cc1bd94168ad1c5ad667c2be1 \
    --hash=sha256:e605e0b8abca9457abd5bee737e086ab145a20c25083ef1113013612268872ff \
    --hash=sha256:e6e49370822c1f4d8d90e678b06dbcb08b51a026a7c4b55479e7d467f2e813bc \
    --hash=sha256:e710ad822c493fb80a4fbc1e3d0a807b1422cb90adbe64378f98291b7fa48fef \
    --hash=sha256:ea6a3e734b0fd41b82784a400be946821900daebe610c050a5e0760838a34f99 \
    --hash=sha256:ec55d80e9b8a519d742669e0b49e8ce9e6747be42bf3c138158b6543a9c8e489 \
    --hash=sha256:ed8bcdab6692fd4ad0dd6241807a24a640a376764460023b8d462d745e6b7b27 \
    --hash=sha256:f377012b86c0a23a1df0cf5a1b05aa7187649e472f71c7892e5f2c2815bbe74f \
    --hash=sha256:f6114692261eff4266386cdec0f7d87eee24e317ab397c218b7ae6a76b4c6339 \
    --hash=sha256:f8044cf4c77f37968b8c4cbcbf7a0f355d8a437877ae18eba23e3aad953a6cc7 \
    --hash=sha256:f8ed8940435834141061da26d27c4dd0d18fb69777bf431f5c6cc46b43349113 \
    --hash=sha256:f93e408255ddce525189bf11feaa1be7ee35e55f486c299c97d9caa68d724a5b \
    --hash=sha256:fb9e256a357dfcede7818c6d34e70db2d6b664394803d1de4b6984d2de76c0f1
    # via -r security-tool-requirements/halmos-deps.in
z3-solver==4.13.0.0 \
    --hash=sha256:13468e1018c817b7f794898d3100f02541d15c13ab56c0785c5acdea32a066cf \
    --hash=sha256:3555436cfe9a5fa2d1b432fb9a5e4460e487649c22e5e68a56f7d81594d043e9 \
    --hash=sha256:4a4731fded91b32e1861e1c7c96e500da743bb9431246cac51f7c3ffc0f21b5d \
    --hash=sha256:52588e92aec7cb338fd6288ce93758ae01770f62ca0c80e8f4f2b2333feaf51b \
    --hash=sha256:8c42de82b6e3ff7ee61287d03c7af8a99f9f6554cdd1204c6b9bca96ff1cb7fb \
    --hash=sha256:9d622022a3511c059915c56b2c231c84b5c1be1b82f457d7560dda3d916474fe \
    --hash=sha256:bca7d59a699a440247537c2180c519d682c9df3520a16ce288fced61a70d253d
    # via -r security-tool-requirements/halmos-deps.in
